
Microsoft Visual Studio Solution File, Format Version 12.00
# Visual Studio Version 17
VisualStudioVersion = 17.14.36915.13 d17.14
MinimumVisualStudioVersion = 10.0.40219.1
Project("{FAE04EC0-301F-11D3-BF4B-00C04F79EFBC}") = "Chris.Mongodb.Demo", "Chris.Mongodb.Demo\Chris.Mongodb.Demo.csproj", "{58AB56F7-777C-4921-8B3C-316A6864353F}"
EndProject
Global
	GlobalSection(SolutionConfigurationPlatforms) = preSolution
		Debug|Any CPU = Debug|Any CPU
		Release|Any CPU = Release|Any CPU
	EndGlobalSection
	GlobalSection(ProjectConfigurationPlatforms) = postSolution
		{58AB56F7-777C-4921-8B3C-316A6864353F}.Debug|Any CPU.ActiveCfg = Debug|Any CPU
		{58AB56F7-777C-4921-8B3C-316A6864353F}.Debug|Any CPU.Build.0 = Debug|Any CPU
		{58AB56F7-777C-4921-8B3C-316A6864353F}.Release|Any CPU.ActiveCfg = Release|Any CPU
		{58AB56F7-777C-4921-8B3C-316A6864353F}.Release|Any CPU.Build.0 = Release|Any CPU
	EndGlobalSection
	GlobalSection(SolutionProperties) = preSolution
		HideSolutionNode = FALSE
	EndGlobalSection
	GlobalSection(ExtensibilityGlobals) = postSolution
		SolutionGuid = {EFD8CC80-D1A0-49D5-A574-4E3CAAD4FBA9}
	EndGlobalSection
EndGlobal
